
Microsoft Visual Studio Solution File, Format Version 12.00
# Visual Studio Version 17
VisualStudioVersion = 17.14.36915.13 d17.14
MinimumVisualStudioVersion = 10.0.40219.1
Project("{FAE04EC0-301F-11D3-BF4B-00C04F79EFBC}") = "MetGlobalCompany.Domain", "MetGlobalCompany.Domain\MetGlobalCompany.Domain.csproj", "{EF84783C-3682-4986-AC69-F91386B6F23F}"
EndProject
Project("{FAE04EC0-301F-11D3-BF4B-00C04F79EFBC}") = "MetGlobalCompany.Application", "MetGlobalCompany.Application\MetGlobalCompany.Application.csproj", "{E0A18C52-551B-47E4-82DB-805111702279}"
	ProjectSection(ProjectDependencies) = postProject
		{EF84783C-3682-4986-AC69-F91386B6F23F} = {EF84783C-3682-4986-AC69-F91386B6F23F}
	EndProjectSection
EndProject
Project("{FAE04EC0-301F-11D3-BF4B-00C04F79EFBC}") = "MetGlobalCompany.Infrastructure", "MetGlobalCompany.Infrastructure\MetGlobalCompany.Infrastructure.csproj", "{8CC866B3-9A57-429C-83F8-A0DD2F8111C1}"
EndProject
Project("{FAE04EC0-301F-11D3-BF4B-00C04F79EFBC}") = "MetGlobalCompany.WPF", "MetGlobalCompany.WPF\MetGlobalCompany.WPF.csproj", "{EE7051A6-F7B9-43D9-ACE3-9F54F2677474}"
EndProject
Global
	GlobalSection(SolutionConfigurationPlatforms) = preSolution
		Debug|Any CPU = Debug|Any CPU
		Release|Any CPU = Release|Any CPU
	EndGlobalSection
	GlobalSection(ProjectConfigurationPlatforms) = postSolution
		{EF84783C-3682-4986-AC69-F91386B6F23F}.Debug|Any CPU.ActiveCfg = Debug|Any CPU
		{EF84783C-3682-4986-AC69-F91386B6F23F}.Debug|Any CPU.Build.0 = Debug|Any CPU
		{EF84783C-3682-4986-AC69-F91386B6F23F}.Release|Any CPU.ActiveCfg = Release|Any CPU
		{EF84783C-3682-4986-AC69-F91386B6F23F}.Release|Any CPU.Build.0 = Release|Any CPU
		{E0A18C52-551B-47E4-82DB-805111702279}.Debug|Any CPU.ActiveCfg = Debug|Any CPU
		{E0A18C52-551B-47E4-82DB-805111702279}.Debug|Any CPU.Build.0 = Debug|Any CPU
		{E0A18C52-551B-47E4-82DB-805111702279}.Release|Any CPU.ActiveCfg = Release|Any CPU
		{E0A18C52-551B-47E4-82DB-805111702279}.Release|Any CPU.Build.0 = Release|Any CPU
		{8CC866B3-9A57-429C-83F8-A0DD2F8111C1}.Debug|Any CPU.ActiveCfg = Debug|Any CPU
		{8CC866B3-9A57-429C-83F8-A0DD2F8111C1}.Debug|Any CPU.Build.0 = Debug|Any CPU
		{8CC866B3-9A57-429C-83F8-A0DD2F8111C1}.Release|Any CPU.ActiveCfg = Release|Any CPU
		{8CC866B3-9A57-429C-83F8-A0DD2F8111C1}.Release|Any CPU.Build.0 = Release|Any CPU
		{EE7051A6-F7B9-43D9-ACE3-9F54F2677474}.Debug|Any CPU.ActiveCfg = Debug|Any CPU
		{EE7051A6-F7B9-43D9-ACE3-9F54F2677474}.Debug|Any CPU.Build.0 = Debug|Any CPU
		{EE7051A6-F7B9-43D9-ACE3-9F54F2677474}.Release|Any CPU.ActiveCfg = Release|Any CPU
		{EE7051A6-F7B9-43D9-ACE3-9F54F2677474}.Release|Any CPU.Build.0 = Release|Any CPU
	EndGlobalSection
	GlobalSection(SolutionProperties) = preSolution
		HideSolutionNode = FALSE
	EndGlobalSection
	GlobalSection(ExtensibilityGlobals) = postSolution
		SolutionGuid = {E68AE2C9-6ED5-41BD-8966-8F96181C13FF}
	EndGlobalSection
EndGlobal
